name: "Update flakes"
on:
  repository_dispatch:
  workflow_dispatch:
  schedule:
    - cron: "0 0 * * *"
permissions:
  pull-requests: write
  contents: write

jobs:
  createPullRequest:
    runs-on: ubuntu-latest
    strategy:
      matrix:
        system: [odin]
    steps:
      - uses: actions/checkout@v4
      - name: Install Nix
        uses: cachix/install-nix-action@v26
        with:
          github_access_token: ${{ secrets.GITHUB_TOKEN }}
      - uses: cachix/cachix-action@v14
        with:
          name: krezh
          authToken: ${{ secrets.CACHIX_AUTH_TOKEN }}
      - uses: DeterminateSystems/magic-nix-cache-action@main
      - name: Update flake.lock
        uses: DeterminateSystems/update-flake-lock@v21
        with:
          pr-reviewers: ${{ github.repository_owner }}
          nix-options: "--accept-flake-config"
          pr-labels: |
            merge-queue

      # - name: Cache
      #   run: nix build ".#top.${{ matrix.system }}" --accept-flake-config
